
Microsoft Visual Studio Solution File, Format Version 12.00
# Visual Studio Version 17
VisualStudioVersion = 17.6.33829.357
MinimumVisualStudioVersion = 10.0.40219.1
Project("{FAE04EC0-301F-11D3-BF4B-00C04F79EFBC}") = "01.ArrayReverse", "01.ArrayReverse\01.ArrayReverse.csproj", "{D1B853C6-C9B3-4EC9-9DD5-42A261BE8687}"
EndProject
Global
	GlobalSection(SolutionConfigurationPlatforms) = preSolution
		Debug|Any CPU = Debug|Any CPU
		Release|Any CPU = Release|Any CPU
	EndGlobalSection
	GlobalSection(ProjectConfigurationPlatforms) = postSolution
		{D1B853C6-C9B3-4EC9-9DD5-42A261BE8687}.Debug|Any CPU.ActiveCfg = Debug|Any CPU
		{D1B853C6-C9B3-4EC9-9DD5-42A261BE8687}.Debug|Any CPU.Build.0 = Debug|Any CPU
		{D1B853C6-C9B3-4EC9-9DD5-42A261BE8687}.Release|Any CPU.ActiveCfg = Release|Any CPU
		{D1B853C6-C9B3-4EC9-9DD5-42A261BE8687}.Release|Any CPU.Build.0 = Release|Any CPU
	EndGlobalSection
	GlobalSection(SolutionProperties) = preSolution
		HideSolutionNode = FALSE
	EndGlobalSection
	GlobalSection(ExtensibilityGlobals) = postSolution
		SolutionGuid = {5A0B284E-0B99-4C7B-A3F3-6D5B7E0A82D1}
	EndGlobalSection
EndGlobal
